// !$*UTF8*$!
{
	archiveVersion = 1;
	classes = {
	};
	objectVersion = 46;
	objects = {

/* Begin PBXBuildFile section */
		1A7188CC1E43AA7900DB6EED /* AppDelegate.swift in Sources */ = {isa = PBXBuildFile; fileRef = 1A7188CB1E43AA7900DB6EED /* AppDelegate.swift */; };
		1A7188CE1E43AA7900DB6EED /* ViewController.swift in Sources */ = {isa = PBXBuildFile; fileRef = 1A7188CD1E43AA7900DB6EED /* ViewController.swift */; };
		1A7188D11E43AA7900DB6EED /* Main.storyboard in Resources */ = {isa = PBXBuildFile; fileRef = 1A7188CF1E43AA7900DB6EED /* Main.storyboard */; };
		1A7188D41E43AA7900DB6EED /* codeschool.xcdatamodeld in Sources */ = {isa = PBXBuildFile; fileRef = 1A7188D21E43AA7900DB6EED /* codeschool.xcdatamodeld */; };
		1A7188D61E43AA7900DB6EED /* Assets.xcassets in Resources */ = {isa = PBXBuildFile; fileRef = 1A7188D51E43AA7900DB6EED /* Assets.xcassets */; };
		1A7188D91E43AA7900DB6EED /* LaunchScreen.storyboard in Resources */ = {isa = PBXBuildFile; fileRef = 1A7188D71E43AA7900DB6EED /* LaunchScreen.storyboard */; };
		1A7188E41E43AA7900DB6EED /* codeschoolTests.swift in Sources */ = {isa = PBXBuildFile; fileRef = 1A7188E31E43AA7900DB6EED /* codeschoolTests.swift */; };
		1A7188EF1E43AA7900DB6EED /* codeschoolUITests.swift in Sources */ = {isa = PBXBuildFile; fileRef = 1A7188EE1E43AA7900DB6EED /* codeschoolUITests.swift */; };
		1A7188FD1E43AF9200DB6EED /* ProductViewController.swift in Sources */ = {isa = PBXBuildFile; fileRef = 1A7188FC1E43AF9200DB6EED /* ProductViewController.swift */; };
/* End PBXBuildFile section */

/* Begin PBXContainerItemProxy section */
		1A7188E01E43AA7900DB6EED /* PBXContainerItemProxy */ = {
			isa = PBXContainerItemProxy;
			containerPortal = 1A7188C01E43AA7900DB6EED /* Project object */;
			proxyType = 1;
			remoteGlobalIDString = 1A7188C71E43AA7900DB6EED;
			remoteInfo = codeschool;
		};
		1A7188EB1E43AA7900DB6EED /* PBXContainerItemProxy */ = {
			isa = PBXContainerItemProxy;
			containerPortal = 1A7188C01E43AA7900DB6EED /* Project object */;
			proxyType = 1;
			remoteGlobalIDString = 1A7188C71E43AA7900DB6EED;
			remoteInfo = codeschool;
		};
/* End PBXContainerItemProxy section */

/* Begin PBXFileReference section */
		1A7188C81E43AA7900DB6EED /* codeschool.app */ = {isa = PBXFileReference; explicitFileType = wrapper.application; includeInIndex = 0; path = codeschool.app; sourceTree = BUILT_PRODUCTS_DIR; };
		1A7188CB1E43AA7900DB6EED /* AppDelegate.swift */ = {isa = PBXFileReference; lastKnownFileType = sourcecode.swift; path = AppDelegate.swift; sourceTree = "<group>"; };
		1A7188CD1E43AA7900DB6EED /* ViewController.swift */ = {isa = PBXFileReference; lastKnownFileType = sourcecode.swift; path = ViewController.swift; sourceTree = "<group>"; };
		1A7188D01E43AA7900DB6EED /* Base */ = {isa = PBXFileReference; lastKnownFileType = file.storyboard; name = Base; path = Base.lproj/Main.storyboard; sourceTree = "<group>"; };
		1A7188D31E43AA7900DB6EED /* codeschool.xcdatamodel */ = {isa = PBXFileReference; lastKnownFileType = wrapper.xcdatamodel; path = codeschool.xcdatamodel; sourceTree = "<group>"; };
		1A7188D51E43AA7900DB6EED /* Assets.xcassets */ = {isa = PBXFileReference; lastKnownFileType = folder.assetcatalog; path = Assets.xcassets; sourceTree = "<group>"; };
		1A7188D81E43AA7900DB6EED /* Base */ = {isa = PBXFileReference; lastKnownFileType = file.storyboard; name = Base; path = Base.lproj/LaunchScreen.storyboard; sourceTree = "<group>"; };
		1A7188DA1E43AA7900DB6EED /* Info.plist */ = {isa = PBXFileReference; lastKnownFileType = text.plist.xml; path = Info.plist; sourceTree = "<group>"; };
		1A7188DF1E43AA7900DB6EED /* codeschoolTests.xctest */ = {isa = PBXFileReference; explicitFileType = wrapper.cfbundle; includeInIndex = 0; path = codeschoolTests.xctest; sourceTree = BUILT_PRODUCTS_DIR; };
		1A7188E31E43AA7900DB6EED /* codeschoolTests.swift */ = {isa = PBXFileReference; lastKnownFileType = sourcecode.swift; path = codeschoolTests.swift; sourceTree = "<group>"; };
		1A7188E51E43AA7900DB6EED /* Info.plist */ = {isa = PBXFileReference; lastKnownFileType = text.plist.xml; path = Info.plist; sourceTree = "<group>"; };
		1A7188EA1E43AA7900DB6EED /* codeschoolUITests.xctest */ = {isa = PBXFileReference; explicitFileType = wrapper.cfbundle; includeInIndex = 0; path = codeschoolUITests.xctest; sourceTree = BUILT_PRODUCTS_DIR; };
		1A7188EE1E43AA7900DB6EED /* codeschoolUITests.swift */ = {isa = PBXFileReference; lastKnownFileType = sourcecode.swift; path = codeschoolUITests.swift; sourceTree = "<group>"; };
		1A7188F01E43AA7900DB6EED /* Info.plist */ = {isa = PBXFileReference; lastKnownFileType = text.plist.xml; path = Info.plist; sourceTree = "<group>"; };
		1A7188FC1E43AF9200DB6EED /* ProductViewController.swift */ = {isa = PBXFileReference; fileEncoding = 4; lastKnownFileType = sourcecode.swift; path = ProductViewController.swift; sourceTree = "<group>"; };
/* End PBXFileReference section */

/* Begin PBXFrameworksBuildPhase section */
		1A7188C51E43AA7900DB6EED /* Frameworks */ = {
			isa = PBXFrameworksBuildPhase;
			buildActionMask = 2147483647;
			files = (
			);
			runOnlyForDeploymentPostprocessing = 0;
		};
		1A7188DC1E43AA7900DB6EED /* Frameworks */ = {
			isa = PBXFrameworksBuildPhase;
			buildActionMask = 2147483647;
			files = (
			);
			runOnlyForDeploymentPostprocessing = 0;
		};
		1A7188E71E43AA7900DB6EED /* Frameworks */ = {
			isa = PBXFrameworksBuildPhase;
			buildActionMask = 2147483647;
			files = (
			);
			runOnlyForDeploymentPostprocessing = 0;
		};
/* End PBXFrameworksBuildPhase section */

/* Begin PBXGroup section */
		1A7188BF1E43AA7900DB6EED = {
			isa = PBXGroup;
			children = (
				1A7188CA1E43AA7900DB6EED /* codeschool */,
				1A7188E21E43AA7900DB6EED /* codeschoolTests */,
				1A7188ED1E43AA7900DB6EED /* codeschoolUITests */,
				1A7188C91E43AA7900DB6EED /* Products */,
			);
			sourceTree = "<group>";
		};
		1A7188C91E43AA7900DB6EED /* Products */ = {
			isa = PBXGroup;
			children = (
				1A7188C81E43AA7900DB6EED /* codeschool.app */,
				1A7188DF1E43AA7900DB6EED /* codeschoolTests.xctest */,
				1A7188EA1E43AA7900DB6EED /* codeschoolUITests.xctest */,
			);
			name = Products;
			sourceTree = "<group>";
		};
		1A7188CA1E43AA7900DB6EED /* codeschool */ = {
			isa = PBXGroup;
			children = (
				1A7188CB1E43AA7900DB6EED /* AppDelegate.swift */,
				1A7188CD1E43AA7900DB6EED /* ViewController.swift */,
				1A7188CF1E43AA7900DB6EED /* Main.storyboard */,
				1A7188D51E43AA7900DB6EED /* Assets.xcassets */,
				1A7188D71E43AA7900DB6EED /* LaunchScreen.storyboard */,
				1A7188DA1E43AA7900DB6EED /* Info.plist */,
				1A7188D21E43AA7900DB6EED /* codeschool.xcdatamodeld */,
				1A7188FC1E43AF9200DB6EED /* ProductViewController.swift */,
			);
			path = codeschool;
			sourceTree = "<group>";
		};
		1A7188E21E43AA7900DB6EED /* codeschoolTests */ = {
			isa = PBXGroup;
			children = (
				1A7188E31E43AA7900DB6EED /* codeschoolTests.swift */,
				1A7188E51E43AA7900DB6EED /* Info.plist */,
			);
			path = codeschoolTests;
			sourceTree = "<group>";
		};
		1A7188ED1E43AA7900DB6EED /* codeschoolUITests */ = {
			isa = PBXGroup;
			children = (
				1A7188EE1E43AA7900DB6EED /* codeschoolUITests.swift */,
				1A7188F01E43AA7900DB6EED /* Info.plist */,
			);
			path = codeschoolUITests;
			sourceTree = "<group>";
		};
/* End PBXGroup section */

/* Begin PBXNativeTarget section */
		1A7188C71E43AA7900DB6EED /* codeschool */ = {
			isa = PBXNativeTarget;
			buildConfigurationList = 1A7188F31E43AA7900DB6EED /* Build configuration list for PBXNativeTarget "codeschool" */;
			buildPhases = (
				1A7188C41E43AA7900DB6EED /* Sources */,
				1A7188C51E43AA7900DB6EED /* Frameworks */,
				1A7188C61E43AA7900DB6EED /* Resources */,
			);
			buildRules = (
			);
			dependencies = (
			);
			name = codeschool;
			productName = codeschool;
			productReference = 1A7188C81E43AA7900DB6EED /* codeschool.app */;
			productType = "com.apple.product-type.application";
		};
		1A7188DE1E43AA7900DB6EED /* codeschoolTests */ = {
			isa = PBXNativeTarget;
			buildConfigurationList = 1A7188F61E43AA7900DB6EED /* Build configuration list for PBXNativeTarget "codeschoolTests" */;
			buildPhases = (
				1A7188DB1E43AA7900DB6EED /* Sources */,
				1A7188DC1E43AA7900DB6EED /* Frameworks */,
				1A7188DD1E43AA7900DB6EED /* Resources */,
			);
			buildRules = (
			);
			dependencies = (
				1A7188E11E43AA7900DB6EED /* PBXTargetDependency */,
			);
			name = codeschoolTests;
			productName = codeschoolTests;
			productReference = 1A7188DF1E43AA7900DB6EED /* codeschoolTests.xctest */;
			productType = "com.apple.product-type.bundle.unit-test";
		};
		1A7188E91E43AA7900DB6EED /* codeschoolUITests */ = {
			isa = PBXNativeTarget;
			buildConfigurationList = 1A7188F91E43AA7900DB6EED /* Build configuration list for PBXNativeTarget "codeschoolUITests" */;
			buildPhases = (
				1A7188E61E43AA7900DB6EED /* Sources */,
				1A7188E71E43AA7900DB6EED /* Frameworks */,
				1A7188E81E43AA7900DB6EED /* Resources */,
			);
			buildRules = (
			);
			dependencies = (
				1A7188EC1E43AA7900DB6EED /* PBXTargetDependency */,
			);
			name = codeschoolUITests;
			productName = codeschoolUITests;
			productReference = 1A7188EA1E43AA7900DB6EED /* codeschoolUITests.xctest */;
			productType = "com.apple.product-type.bundle.ui-testing";
		};
/* End PBXNativeTarget section */

/* Begin PBXProject section */
		1A7188C01E43AA7900DB6EED /* Project object */ = {
			isa = PBXProject;
			attributes = {
				LastSwiftUpdateCheck = 0800;
				LastUpgradeCheck = 0800;
				ORGANIZATIONNAME = "HOPKINS RENEE V";
				TargetAttributes = {
					1A7188C71E43AA7900DB6EED = {
						CreatedOnToolsVersion = 8.0;
						ProvisioningStyle = Automatic;
					};
					1A7188DE1E43AA7900DB6EED = {
						CreatedOnToolsVersion = 8.0;
						ProvisioningStyle = Automatic;
						TestTargetID = 1A7188C71E43AA7900DB6EED;
					};
					1A7188E91E43AA7900DB6EED = {
						CreatedOnToolsVersion = 8.0;
						ProvisioningStyle = Automatic;
						TestTargetID = 1A7188C71E43AA7900DB6EED;
					};
				};
			};
			buildConfigurationList = 1A7188C31E43AA7900DB6EED /* Build configuration list for PBXProject "codeschool" */;
			compatibilityVersion = "Xcode 3.2";
			developmentRegion = English;
			hasScannedForEncodings = 0;
			knownRegions = (
				en,
				Base,
			);
			mainGroup = 1A7188BF1E43AA7900DB6EED;
			productRefGroup = 1A7188C91E43AA7900DB6EED /* Products */;
			projectDirPath = "";
			projectRoot = "";
			targets = (
				1A7188C71E43AA7900DB6EED /* codeschool */,
				1A7188DE1E43AA7900DB6EED /* codeschoolTests */,
				1A7188E91E43AA7900DB6EED /* codeschoolUITests */,
			);
		};
/* End PBXProject section */

/* Begin PBXResourcesBuildPhase section */
		1A7188C61E43AA7900DB6EED /* Resources */ = {
			isa = PBXResourcesBuildPhase;
			buildActionMask = 2147483647;
			files = (
				1A7188D91E43AA7900DB6EED /* LaunchScreen.storyboard in Resources */,
				1A7188D61E43AA7900DB6EED /* Assets.xcassets in Resources */,
				1A7188D11E43AA7900DB6EED /* Main.storyboard in Resources */,
			);
			runOnlyForDeploymentPostprocessing = 0;
		};
		1A7188DD1E43AA7900DB6EED /* Resources */ = {
			isa = PBXResourcesBuildPhase;
			buildActionMask = 2147483647;
			files = (
			);
			runOnlyForDeploymentPostprocessing = 0;
		};
		1A7188E81E43AA7900DB6EED /* Resources */ = {
			isa = PBXResourcesBuildPhase;
			buildActionMask = 2147483647;
			files = (
			);
			runOnlyForDeploymentPostprocessing = 0;
		};
/* End PBXResourcesBuildPhase section */

/* Begin PBXSourcesBuildPhase section */
		1A7188C41E43AA7900DB6EED /* Sources */ = {
			isa = PBXSourcesBuildPhase;
			buildActionMask = 2147483647;
			files = (
				1A7188CE1E43AA7900DB6EED /* ViewController.swift in Sources */,
				1A7188CC1E43AA7900DB6EED /* AppDelegate.swift in Sources */,
				1A7188FD1E43AF9200DB6EED /* ProductViewController.swift in Sources */,
				1A7188D41E43AA7900DB6EED /* codeschool.xcdatamodeld in Sources */,
			);
			runOnlyForDeploymentPostprocessing = 0;
		};
		1A7188DB1E43AA7900DB6EED /* Sources */ = {
			isa = PBXSourcesBuildPhase;
			buildActionMask = 2147483647;
			files = (
				1A7188E41E43AA7900DB6EED /* codeschoolTests.swift in Sources */,
			);
			runOnlyForDeploymentPostprocessing = 0;
		};
		1A7188E61E43AA7900DB6EED /* Sources */ = {
			isa = PBXSourcesBuildPhase;
			buildActionMask = 2147483647;
			files = (
				1A7188EF1E43AA7900DB6EED /* codeschoolUITests.swift in Sources */,
			);
			runOnlyForDeploymentPostprocessing = 0;
		};
/* End PBXSourcesBuildPhase section */

/* Begin PBXTargetDependency section */
		1A7188E11E43AA7900DB6EED /* PBXTargetDependency */ = {
			isa = PBXTargetDependency;
			target = 1A7188C71E43AA7900DB6EED /* codeschool */;
			targetProxy = 1A7188E01E43AA7900DB6EED /* PBXContainerItemProxy */;
		};
		1A7188EC1E43AA7900DB6EED /* PBXTargetDependency */ = {
			isa = PBXTargetDependency;
			target = 1A7188C71E43AA7900DB6EED /* codeschool */;
			targetProxy = 1A7188EB1E43AA7900DB6EED /* PBXContainerItemProxy */;
		};
/* End PBXTargetDependency section */

/* Begin PBXVariantGroup section */
		1A7188CF1E43AA7900DB6EED /* Main.storyboard */ = {
			isa = PBXVariantGroup;
			children = (
				1A7188D01E43AA7900DB6EED /* Base */,
			);
			name = Main.storyboard;
			sourceTree = "<group>";
		};
		1A7188D71E43AA7900DB6EED /* LaunchScreen.storyboard */ = {
			isa = PBXVariantGroup;
			children = (
				1A7188D81E43AA7900DB6EED /* Base */,
			);
			name = LaunchScreen.storyboard;
			sourceTree = "<group>";
		};
/* End PBXVariantGroup section */

/* Begin XCBuildConfiguration section */
		1A7188F11E43AA7900DB6EED /* Debug */ = {
			isa = XCBuildConfiguration;
			buildSettings = {
				ALWAYS_SEARCH_USER_PATHS = NO;
				CLANG_ANALYZER_NONNULL = YES;
				CLANG_CXX_LANGUAGE_STANDARD = "gnu++0x";
				CLANG_CXX_LIBRARY = "libc++";
				CLANG_ENABLE_MODULES = YES;
				CLANG_ENABLE_OBJC_ARC = YES;
				CLANG_WARN_BOOL_CONVERSION = YES;
				CLANG_WARN_CONSTANT_CONVERSION = YES;
				CLANG_WARN_DIRECT_OBJC_ISA_USAGE = YES_ERROR;
				CLANG_WARN_DOCUMENTATION_COMMENTS = YES;
				CLANG_WARN_EMPTY_BODY = YES;
				CLANG_WARN_ENUM_CONVERSION = YES;
				CLANG_WARN_INFINITE_RECURSION = YES;
				CLANG_WARN_INT_CONVERSION = YES;
				CLANG_WARN_OBJC_ROOT_CLASS = YES_ERROR;
				CLANG_WARN_SUSPICIOUS_MOVES = YES;
				CLANG_WARN_UNREACHABLE_CODE = YES;
				CLANG_WARN__DUPLICATE_METHOD_MATCH = YES;
				"CODE_SIGN_IDENTITY[sdk=iphoneos*]" = "iPhone Developer";
				COPY_PHASE_STRIP = NO;
				DEBUG_INFORMATION_FORMAT = dwarf;
				ENABLE_STRICT_OBJC_MSGSEND = YES;
				ENABLE_TESTABILITY = YES;
				GCC_C_LANGUAGE_STANDARD = gnu99;
				GCC_DYNAMIC_NO_PIC = NO;
				GCC_NO_COMMON_BLOCKS = YES;
				GCC_OPTIMIZATION_LEVEL = 0;
				GCC_PREPROCESSOR_DEFINITIONS = (
					"DEBUG=1",
					"$(inherited)",
				);
				GCC_WARN_64_TO_32_BIT_CONVERSION = YES;
				GCC_WARN_ABOUT_RETURN_TYPE = YES_ERROR;
				GCC_WARN_UNDECLARED_SELECTOR = YES;
				GCC_WARN_UNINITIALIZED_AUTOS = YES_AGGRESSIVE;
				GCC_WARN_UNUSED_FUNCTION = YES;
				GCC_WARN_UNUSED_VARIABLE = YES;
				IPHONEOS_DEPLOYMENT_TARGET = 10.0;
				MTL_ENABLE_DEBUG_INFO = YES;
				ONLY_ACTIVE_ARCH = YES;
				SDKROOT = iphoneos;
				SWIFT_ACTIVE_COMPILATION_CONDITIONS = DEBUG;
				SWIFT_OPTIMIZATION_LEVEL = "-Onone";
				TARGETED_DEVICE_FAMILY = "1,2";
			};
			name = Debug;
		};
		1A7188F21E43AA7900DB6EED /* Release */ = {
			isa = XCBuildConfiguration;
			buildSettings = {
				ALWAYS_SEARCH_USER_PATHS = NO;
				CLANG_ANALYZER_NONNULL = YES;
				CLANG_CXX_LANGUAGE_STANDARD = "gnu++0x";
				CLANG_CXX_LIBRARY = "libc++";
				CLANG_ENABLE_MODULES = YES;
				CLANG_ENABLE_OBJC_ARC = YES;
				CLANG_WARN_BOOL_CONVERSION = YES;
				CLANG_WARN_CONSTANT_CONVERSION = YES;
				CLANG_WARN_DIRECT_OBJC_ISA_USAGE = YES_ERROR;
				CLANG_WARN_DOCUMENTATION_COMMENTS = YES;
				CLANG_WARN_EMPTY_BODY = YES;
				CLANG_WARN_ENUM_CONVERSION = YES;
				CLANG_WARN_INFINITE_RECURSION = YES;
				CLANG_WARN_INT_CONVERSION = YES;
				CLANG_WARN_OBJC_ROOT_CLASS = YES_ERROR;
				CLANG_WARN_SUSPICIOUS_MOVES = YES;
				CLANG_WARN_UNREACHABLE_CODE = YES;
				CLANG_WARN__DUPLICATE_METHOD_MATCH = YES;
				"CODE_SIGN_IDENTITY[sdk=iphoneos*]" = "iPhone Developer";
				COPY_PHASE_STRIP = NO;
				DEBUG_INFORMATION_FORMAT = "dwarf-with-dsym";
				ENABLE_NS_ASSERTIONS = NO;
				ENABLE_STRICT_OBJC_MSGSEND = YES;
				GCC_C_LANGUAGE_STANDARD = gnu99;
				GCC_NO_COMMON_BLOCKS = YES;
				GCC_WARN_64_TO_32_BIT_CONVERSION = YES;
				GCC_WARN_ABOUT_RETURN_TYPE = YES_ERROR;
				GCC_WARN_UNDECLARED_SELECTOR = YES;
				GCC_WARN_UNINITIALIZED_AUTOS = YES_AGGRESSIVE;
				GCC_WARN_UNUSED_FUNCTION = YES;
				GCC_WARN_UNUSED_VARIABLE = YES;
				IPHONEOS_DEPLOYMENT_TARGET = 10.0;
				MTL_ENABLE_DEBUG_INFO = NO;
				SDKROOT = iphoneos;
				SWIFT_OPTIMIZATION_LEVEL = "-Owholemodule";
				TARGETED_DEVICE_FAMILY = "1,2";
				VALIDATE_PRODUCT = YES;
			};
			name = Release;
		};
		1A7188F41E43AA7900DB6EED /* Debug */ = {
			isa = XCBuildConfiguration;
			buildSettings = {
				ASSETCATALOG_COMPILER_APPICON_NAME = AppIcon;
				INFOPLIST_FILE = codeschool/Info.plist;
				LD_RUNPATH_SEARCH_PATHS = "$(inherited) @executable_path/Frameworks";
				PRODUCT_BUNDLE_IDENTIFIER = scc.codeschool;
				PRODUCT_NAME = "$(TARGET_NAME)";
				SWIFT_VERSION = 3.0;
			};
			name = Debug;
		};
		1A7188F51E43AA7900DB6EED /* Release */ = {
			isa = XCBuildConfiguration;
			buildSettings = {
				ASSETCATALOG_COMPILER_APPICON_NAME = AppIcon;
				INFOPLIST_FILE = codeschool/Info.plist;
				LD_RUNPATH_SEARCH_PATHS = "$(inherited) @executable_path/Frameworks";
				PRODUCT_BUNDLE_IDENTIFIER = scc.codeschool;
				PRODUCT_NAME = "$(TARGET_NAME)";
				SWIFT_VERSION = 3.0;
			};
			name = Release;
		};
		1A7188F71E43AA7900DB6EED /* Debug */ = {
			isa = XCBuildConfiguration;
			buildSettings = {
				ALWAYS_EMBED_SWIFT_STANDARD_LIBRARIES = YES;
				BUNDLE_LOADER = "$(TEST_HOST)";
				INFOPLIST_FILE = codeschoolTests/Info.plist;
				LD_RUNPATH_SEARCH_PATHS = "$(inherited) @executable_path/Frameworks @loader_path/Frameworks";
				PRODUCT_BUNDLE_IDENTIFIER = scc.codeschoolTests;
				PRODUCT_NAME = "$(TARGET_NAME)";
				SWIFT_VERSION = 3.0;
				TEST_HOST = "$(BUILT_PRODUCTS_DIR)/codeschool.app/codeschool";
			};
			name = Debug;
		};
		1A7188F81E43AA7900DB6EED /* Release */ = {
			isa = XCBuildConfiguration;
			buildSettings = {
				ALWAYS_EMBED_SWIFT_STANDARD_LIBRARIES = YES;
				BUNDLE_LOADER = "$(TEST_HOST)";
				INFOPLIST_FILE = codeschoolTests/Info.plist;
				LD_RUNPATH_SEARCH_PATHS = "$(inherited) @executable_path/Frameworks @loader_path/Frameworks";
				PRODUCT_BUNDLE_IDENTIFIER = scc.codeschoolTests;
				PRODUCT_NAME = "$(TARGET_NAME)";
				SWIFT_VERSION = 3.0;
				TEST_HOST = "$(BUILT_PRODUCTS_DIR)/codeschool.app/codeschool";
			};
			name = Release;
		};
		1A7188FA1E43AA7900DB6EED /* Debug */ = {
			isa = XCBuildConfiguration;
			buildSettings = {
				ALWAYS_EMBED_SWIFT_STANDARD_LIBRARIES = YES;
				INFOPLIST_FILE = codeschoolUITests/Info.plist;
				LD_RUNPATH_SEARCH_PATHS = "$(inherited) @executable_path/Frameworks @loader_path/Frameworks";
				PRODUCT_BUNDLE_IDENTIFIER = scc.codeschoolUITests;
				PRODUCT_NAME = "$(TARGET_NAME)";
				SWIFT_VERSION = 3.0;
				TEST_TARGET_NAME = codeschool;
			};
			name = Debug;
		};
		1A7188FB1E43AA7900DB6EED /* Release */ = {
			isa = XCBuildConfiguration;
			buildSettings = {
				ALWAYS_EMBED_SWIFT_STANDARD_LIBRARIES = YES;
				INFOPLIST_FILE = codeschoolUITests/Info.plist;
				LD_RUNPATH_SEARCH_PATHS = "$(inherited) @executable_path/Frameworks @loader_path/Frameworks";
				PRODUCT_BUNDLE_IDENTIFIER = scc.codeschoolUITests;
				PRODUCT_NAME = "$(TARGET_NAME)";
				SWIFT_VERSION = 3.0;
				TEST_TARGET_NAME = codeschool;
			};
			name = Release;
		};
/* End XCBuildConfiguration section */

/* Begin XCConfigurationList section */
		1A7188C31E43AA7900DB6EED /* Build configuration list for PBXProject "codeschool" */ = {
			isa = XCConfigurationList;
			buildConfigurations = (
				1A7188F11E43AA7900DB6EED /* Debug */,
				1A7188F21E43AA7900DB6EED /* Release */,
			);
			defaultConfigurationIsVisible = 0;
			defaultConfigurationName = Release;
		};
		1A7188F31E43AA7900DB6EED /* Build configuration list for PBXNativeTarget "codeschool" */ = {
			isa = XCConfigurationList;
			buildConfigurations = (
				1A7188F41E43AA7900DB6EED /* Debug */,
				1A7188F51E43AA7900DB6EED /* Release */,
			);
			defaultConfigurationIsVisible = 0;
		};
		1A7188F61E43AA7900DB6EED /* Build configuration list for PBXNativeTarget "codeschoolTests" */ = {
			isa = XCConfigurationList;
			buildConfigurations = (
				1A7188F71E43AA7900DB6EED /* Debug */,
				1A7188F81E43AA7900DB6EED /* Release */,
			);
			defaultConfigurationIsVisible = 0;
		};
		1A7188F91E43AA7900DB6EED /* Build configuration list for PBXNativeTarget "codeschoolUITests" */ = {
			isa = XCConfigurationList;
			buildConfigurations = (
				1A7188FA1E43AA7900DB6EED /* Debug */,
				1A7188FB1E43AA7900DB6EED /* Release */,
			);
			defaultConfigurationIsVisible = 0;
		};
/* End XCConfigurationList section */

/* Begin XCVersionGroup section */
		1A7188D21E43AA7900DB6EED /* codeschool.xcdatamodeld */ = {
			isa = XCVersionGroup;
			children = (
				1A7188D31E43AA7900DB6EED /* codeschool.xcdatamodel */,
			);
			currentVersion = 1A7188D31E43AA7900DB6EED /* codeschool.xcdatamodel */;
			path = codeschool.xcdatamodeld;
			sourceTree = "<group>";
			versionGroupType = wrapper.xcdatamodel;
		};
/* End XCVersionGroup section */
	};
	rootObject = 1A7188C01E43AA7900DB6EED /* Project object */;
}
